// !$*UTF8*$!
{
	archiveVersion = 1;
	classes = {
	};
	objectVersion = 46;
	objects = {

/* Begin PBXBuildFile section */
		74398D6B193C208000F4BBF0 /* ChecklistItem.m in Sources */ = {isa = PBXBuildFile; fileRef = 74398D6A193C208000F4BBF0 /* ChecklistItem.m */; };
		A61831D11937B7A4000ED3E9 /* Foundation.framework in Frameworks */ = {isa = PBXBuildFile; fileRef = A61831D01937B7A4000ED3E9 /* Foundation.framework */; };
		A61831D31937B7A4000ED3E9 /* CoreGraphics.framework in Frameworks */ = {isa = PBXBuildFile; fileRef = A61831D21937B7A4000ED3E9 /* CoreGraphics.framework */; };
		A61831D51937B7A4000ED3E9 /* UIKit.framework in Frameworks */ = {isa = PBXBuildFile; fileRef = A61831D41937B7A4000ED3E9 /* UIKit.framework */; };
		A61831DB1937B7A4000ED3E9 /* InfoPlist.strings in Resources */ = {isa = PBXBuildFile; fileRef = A61831D91937B7A4000ED3E9 /* InfoPlist.strings */; };
		A61831DD1937B7A4000ED3E9 /* main.m in Sources */ = {isa = PBXBuildFile; fileRef = A61831DC1937B7A4000ED3E9 /* main.m */; };
		A61831E11937B7A4000ED3E9 /* ChecklistsAppDelegate.m in Sources */ = {isa = PBXBuildFile; fileRef = A61831E01937B7A4000ED3E9 /* ChecklistsAppDelegate.m */; };
		A61831E41937B7A4000ED3E9 /* Main.storyboard in Resources */ = {isa = PBXBuildFile; fileRef = A61831E21937B7A4000ED3E9 /* Main.storyboard */; };
		A61831E71937B7A4000ED3E9 /* ChecklistsViewController.m in Sources */ = {isa = PBXBuildFile; fileRef = A61831E61937B7A4000ED3E9 /* ChecklistsViewController.m */; };
		A61831E91937B7A4000ED3E9 /* Images.xcassets in Resources */ = {isa = PBXBuildFile; fileRef = A61831E81937B7A4000ED3E9 /* Images.xcassets */; };
		A61831F01937B7A4000ED3E9 /* XCTest.framework in Frameworks */ = {isa = PBXBuildFile; fileRef = A61831EF1937B7A4000ED3E9 /* XCTest.framework */; };
		A61831F11937B7A4000ED3E9 /* Foundation.framework in Frameworks */ = {isa = PBXBuildFile; fileRef = A61831D01937B7A4000ED3E9 /* Foundation.framework */; };
		A61831F21937B7A4000ED3E9 /* UIKit.framework in Frameworks */ = {isa = PBXBuildFile; fileRef = A61831D41937B7A4000ED3E9 /* UIKit.framework */; };
		A61831FA1937B7A4000ED3E9 /* InfoPlist.strings in Resources */ = {isa = PBXBuildFile; fileRef = A61831F81937B7A4000ED3E9 /* InfoPlist.strings */; };
		A61831FC1937B7A4000ED3E9 /* ChecklistsTests.m in Sources */ = {isa = PBXBuildFile; fileRef = A61831FB1937B7A4000ED3E9 /* ChecklistsTests.m */; };
/* End PBXBuildFile section */

/* Begin PBXContainerItemProxy section */
		A61831F31937B7A4000ED3E9 /* PBXContainerItemProxy */ = {
			isa = PBXContainerItemProxy;
			containerPortal = A61831C51937B7A4000ED3E9 /* Project object */;
			proxyType = 1;
			remoteGlobalIDString = A61831CC1937B7A4000ED3E9;
			remoteInfo = Checklists;
		};
/* End PBXContainerItemProxy section */

/* Begin PBXFileReference section */
		74398D69193C208000F4BBF0 /* ChecklistItem.h */ = {isa = PBXFileReference; fileEncoding = 4; lastKnownFileType = sourcecode.c.h; path = ChecklistItem.h; sourceTree = "<group>"; };
		74398D6A193C208000F4BBF0 /* ChecklistItem.m */ = {isa = PBXFileReference; fileEncoding = 4; lastKnownFileType = sourcecode.c.objc; path = ChecklistItem.m; sourceTree = "<group>"; };
		A61831CD1937B7A4000ED3E9 /* Checklists.app */ = {isa = PBXFileReference; explicitFileType = wrapper.application; includeInIndex = 0; path = Checklists.app; sourceTree = BUILT_PRODUCTS_DIR; };
		A61831D01937B7A4000ED3E9 /* Foundation.framework */ = {isa = PBXFileReference; lastKnownFileType = wrapper.framework; name = Foundation.framework; path = System/Library/Frameworks/Foundation.framework; sourceTree = SDKROOT; };
		A61831D21937B7A4000ED3E9 /* CoreGraphics.framework */ = {isa = PBXFileReference; lastKnownFileType = wrapper.framework; name = CoreGraphics.framework; path = System/Library/Frameworks/CoreGraphics.framework; sourceTree = SDKROOT; };
		A61831D41937B7A4000ED3E9 /* UIKit.framework */ = {isa = PBXFileReference; lastKnownFileType = wrapper.framework; name = UIKit.framework; path = System/Library/Frameworks/UIKit.framework; sourceTree = SDKROOT; };
		A61831D81937B7A4000ED3E9 /* Checklists-Info.plist */ = {isa = PBXFileReference; lastKnownFileType = text.plist.xml; path = "Checklists-Info.plist"; sourceTree = "<group>"; };
		A61831DA1937B7A4000ED3E9 /* en */ = {isa = PBXFileReference; lastKnownFileType = text.plist.strings; name = en; path = en.lproj/InfoPlist.strings; sourceTree = "<group>"; };
		A61831DC1937B7A4000ED3E9 /* main.m */ = {isa = PBXFileReference; lastKnownFileType = sourcecode.c.objc; path = main.m; sourceTree = "<group>"; };
		A61831DE1937B7A4000ED3E9 /* Checklists-Prefix.pch */ = {isa = PBXFileReference; lastKnownFileType = sourcecode.c.h; path = "Checklists-Prefix.pch"; sourceTree = "<group>"; };
		A61831DF1937B7A4000ED3E9 /* ChecklistsAppDelegate.h */ = {isa = PBXFileReference; lastKnownFileType = sourcecode.c.h; path = ChecklistsAppDelegate.h; sourceTree = "<group>"; };
		A61831E01937B7A4000ED3E9 /* ChecklistsAppDelegate.m */ = {isa = PBXFileReference; lastKnownFileType = sourcecode.c.objc; path = ChecklistsAppDelegate.m; sourceTree = "<group>"; };
		A61831E31937B7A4000ED3E9 /* Base */ = {isa = PBXFileReference; lastKnownFileType = file.storyboard; name = Base; path = Base.lproj/Main.storyboard; sourceTree = "<group>"; };
		A61831E51937B7A4000ED3E9 /* ChecklistsViewController.h */ = {isa = PBXFileReference; lastKnownFileType = sourcecode.c.h; path = ChecklistsViewController.h; sourceTree = "<group>"; };
		A61831E61937B7A4000ED3E9 /* ChecklistsViewController.m */ = {isa = PBXFileReference; lastKnownFileType = sourcecode.c.objc; path = ChecklistsViewController.m; sourceTree = "<group>"; };
		A61831E81937B7A4000ED3E9 /* Images.xcassets */ = {isa = PBXFileReference; lastKnownFileType = folder.assetcatalog; path = Images.xcassets; sourceTree = "<group>"; };
		A61831EE1937B7A4000ED3E9 /* ChecklistsTests.xctest */ = {isa = PBXFileReference; explicitFileType = wrapper.cfbundle; includeInIndex = 0; path = ChecklistsTests.xctest; sourceTree = BUILT_PRODUCTS_DIR; };
		A61831EF1937B7A4000ED3E9 /* XCTest.framework */ = {isa = PBXFileReference; lastKnownFileType = wrapper.framework; name = XCTest.framework; path = Library/Frameworks/XCTest.framework; sourceTree = DEVELOPER_DIR; };
		A61831F71937B7A4000ED3E9 /* ChecklistsTests-Info.plist */ = {isa = PBXFileReference; lastKnownFileType = text.plist.xml; path = "ChecklistsTests-Info.plist"; sourceTree = "<group>"; };
		A61831F91937B7A4000ED3E9 /* en */ = {isa = PBXFileReference; lastKnownFileType = text.plist.strings; name = en; path = en.lproj/InfoPlist.strings; sourceTree = "<group>"; };
		A61831FB1937B7A4000ED3E9 /* ChecklistsTests.m */ = {isa = PBXFileReference; lastKnownFileType = sourcecode.c.objc; path = ChecklistsTests.m; sourceTree = "<group>"; };
/* End PBXFileReference section */

/* Begin PBXFrameworksBuildPhase section */
		A61831CA1937B7A4000ED3E9 /* Frameworks */ = {
			isa = PBXFrameworksBuildPhase;
			buildActionMask = 2147483647;
			files = (
				A61831D31937B7A4000ED3E9 /* CoreGraphics.framework in Frameworks */,
				A61831D51937B7A4000ED3E9 /* UIKit.framework in Frameworks */,
				A61831D11937B7A4000ED3E9 /* Foundation.framework in Frameworks */,
			);
			runOnlyForDeploymentPostprocessing = 0;
		};
		A61831EB1937B7A4000ED3E9 /* Frameworks */ = {
			isa = PBXFrameworksBuildPhase;
			buildActionMask = 2147483647;
			files = (
				A61831F01937B7A4000ED3E9 /* XCTest.framework in Frameworks */,
				A61831F21937B7A4000ED3E9 /* UIKit.framework in Frameworks */,
				A61831F11937B7A4000ED3E9 /* Foundation.framework in Frameworks */,
			);
			runOnlyForDeploymentPostprocessing = 0;
		};
/* End PBXFrameworksBuildPhase section */

/* Begin PBXGroup section */
		A61831C41937B7A4000ED3E9 = {
			isa = PBXGroup;
			children = (
				A61831D61937B7A4000ED3E9 /* Checklists */,
				A61831F51937B7A4000ED3E9 /* ChecklistsTests */,
				A61831CF1937B7A4000ED3E9 /* Frameworks */,
				A61831CE1937B7A4000ED3E9 /* Products */,
			);
			sourceTree = "<group>";
		};
		A61831CE1937B7A4000ED3E9 /* Products */ = {
			isa = PBXGroup;
			children = (
				A61831CD1937B7A4000ED3E9 /* Checklists.app */,
				A61831EE1937B7A4000ED3E9 /* ChecklistsTests.xctest */,
			);
			name = Products;
			sourceTree = "<group>";
		};
		A61831CF1937B7A4000ED3E9 /* Frameworks */ = {
			isa = PBXGroup;
			children = (
				A61831D01937B7A4000ED3E9 /* Foundation.framework */,
				A61831D21937B7A4000ED3E9 /* CoreGraphics.framework */,
				A61831D41937B7A4000ED3E9 /* UIKit.framework */,
				A61831EF1937B7A4000ED3E9 /* XCTest.framework */,
			);
			name = Frameworks;
			sourceTree = "<group>";
		};
		A61831D61937B7A4000ED3E9 /* Checklists */ = {
			isa = PBXGroup;
			children = (
				A61831DF1937B7A4000ED3E9 /* ChecklistsAppDelegate.h */,
				A61831E01937B7A4000ED3E9 /* ChecklistsAppDelegate.m */,
				A61831E21937B7A4000ED3E9 /* Main.storyboard */,
				A61831E51937B7A4000ED3E9 /* ChecklistsViewController.h */,
				A61831E61937B7A4000ED3E9 /* ChecklistsViewController.m */,
				A61831E81937B7A4000ED3E9 /* Images.xcassets */,
				A61831D71937B7A4000ED3E9 /* Supporting Files */,
				74398D69193C208000F4BBF0 /* ChecklistItem.h */,
				74398D6A193C208000F4BBF0 /* ChecklistItem.m */,
			);
			path = Checklists;
			sourceTree = "<group>";
		};
		A61831D71937B7A4000ED3E9 /* Supporting Files */ = {
			isa = PBXGroup;
			children = (
				A61831D81937B7A4000ED3E9 /* Checklists-Info.plist */,
				A61831D91937B7A4000ED3E9 /* InfoPlist.strings */,
				A61831DC1937B7A4000ED3E9 /* main.m */,
				A61831DE1937B7A4000ED3E9 /* Checklists-Prefix.pch */,
			);
			name = "Supporting Files";
			sourceTree = "<group>";
		};
		A61831F51937B7A4000ED3E9 /* ChecklistsTests */ = {
			isa = PBXGroup;
			children = (
				A61831FB1937B7A4000ED3E9 /* ChecklistsTests.m */,
				A61831F61937B7A4000ED3E9 /* Supporting Files */,
			);
			path = ChecklistsTests;
			sourceTree = "<group>";
		};
		A61831F61937B7A4000ED3E9 /* Supporting Files */ = {
			isa = PBXGroup;
			children = (
				A61831F71937B7A4000ED3E9 /* ChecklistsTests-Info.plist */,
				A61831F81937B7A4000ED3E9 /* InfoPlist.strings */,
			);
			name = "Supporting Files";
			sourceTree = "<group>";
		};
/* End PBXGroup section */

/* Begin PBXNativeTarget section */
		A61831CC1937B7A4000ED3E9 /* Checklists */ = {
			isa = PBXNativeTarget;
			buildConfigurationList = A61831FF1937B7A4000ED3E9 /* Build configuration list for PBXNativeTarget "Checklists" */;
			buildPhases = (
				A61831C91937B7A4000ED3E9 /* Sources */,
				A61831CA1937B7A4000ED3E9 /* Frameworks */,
				A61831CB1937B7A4000ED3E9 /* Resources */,
			);
			buildRules = (
			);
			dependencies = (
			);
			name = Checklists;
			productName = Checklists;
			productReference = A61831CD1937B7A4000ED3E9 /* Checklists.app */;
			productType = "com.apple.product-type.application";
		};
		A61831ED1937B7A4000ED3E9 /* ChecklistsTests */ = {
			isa = PBXNativeTarget;
			buildConfigurationList = A61832021937B7A4000ED3E9 /* Build configuration list for PBXNativeTarget "ChecklistsTests" */;
			buildPhases = (
				A61831EA1937B7A4000ED3E9 /* Sources */,
				A61831EB1937B7A4000ED3E9 /* Frameworks */,
				A61831EC1937B7A4000ED3E9 /* Resources */,
			);
			buildRules = (
			);
			dependencies = (
				A61831F41937B7A4000ED3E9 /* PBXTargetDependency */,
			);
			name = ChecklistsTests;
			productName = ChecklistsTests;
			productReference = A61831EE1937B7A4000ED3E9 /* ChecklistsTests.xctest */;
			productType = "com.apple.product-type.bundle.unit-test";
		};
/* End PBXNativeTarget section */

/* Begin PBXProject section */
		A61831C51937B7A4000ED3E9 /* Project object */ = {
			isa = PBXProject;
			attributes = {
				CLASSPREFIX = Checklists;
				LastUpgradeCheck = 0510;
				ORGANIZATIONNAME = Justin;
				TargetAttributes = {
					A61831ED1937B7A4000ED3E9 = {
						TestTargetID = A61831CC1937B7A4000ED3E9;
					};
				};
			};
			buildConfigurationList = A61831C81937B7A4000ED3E9 /* Build configuration list for PBXProject "Checklists" */;
			compatibilityVersion = "Xcode 3.2";
			developmentRegion = English;
			hasScannedForEncodings = 0;
			knownRegions = (
				en,
				Base,
			);
			mainGroup = A61831C41937B7A4000ED3E9;
			productRefGroup = A61831CE1937B7A4000ED3E9 /* Products */;
			projectDirPath = "";
			projectRoot = "";
			targets = (
				A61831CC1937B7A4000ED3E9 /* Checklists */,
				A61831ED1937B7A4000ED3E9 /* ChecklistsTests */,
			);
		};
/* End PBXProject section */

/* Begin PBXResourcesBuildPhase section */
		A61831CB1937B7A4000ED3E9 /* Resources */ = {
			isa = PBXResourcesBuildPhase;
			buildActionMask = 2147483647;
			files = (
				A61831E91937B7A4000ED3E9 /* Images.xcassets in Resources */,
				A61831DB1937B7A4000ED3E9 /* InfoPlist.strings in Resources */,
				A61831E41937B7A4000ED3E9 /* Main.storyboard in Resources */,
			);
			runOnlyForDeploymentPostprocessing = 0;
		};
		A61831EC1937B7A4000ED3E9 /* Resources */ = {
			isa = PBXResourcesBuildPhase;
			buildActionMask = 2147483647;
			files = (
				A61831FA1937B7A4000ED3E9 /* InfoPlist.strings in Resources */,
			);
			runOnlyForDeploymentPostprocessing = 0;
		};
/* End PBXResourcesBuildPhase section */

/* Begin PBXSourcesBuildPhase section */
		A61831C91937B7A4000ED3E9 /* Sources */ = {
			isa = PBXSourcesBuildPhase;
			buildActionMask = 2147483647;
			files = (
				A61831DD1937B7A4000ED3E9 /* main.m in Sources */,
				A61831E11937B7A4000ED3E9 /* ChecklistsAppDelegate.m in Sources */,
				A61831E71937B7A4000ED3E9 /* ChecklistsViewController.m in Sources */,
				74398D6B193C208000F4BBF0 /* ChecklistItem.m in Sources */,
			);
			runOnlyForDeploymentPostprocessing = 0;
		};
		A61831EA1937B7A4000ED3E9 /* Sources */ = {
			isa = PBXSourcesBuildPhase;
			buildActionMask = 2147483647;
			files = (
				A61831FC1937B7A4000ED3E9 /* ChecklistsTests.m in Sources */,
			);
			runOnlyForDeploymentPostprocessing = 0;
		};
/* End PBXSourcesBuildPhase section */

/* Begin PBXTargetDependency section */
		A61831F41937B7A4000ED3E9 /* PBXTargetDependency */ = {
			isa = PBXTargetDependency;
			target = A61831CC1937B7A4000ED3E9 /* Checklists */;
			targetProxy = A61831F31937B7A4000ED3E9 /* PBXContainerItemProxy */;
		};
/* End PBXTargetDependency section */

/* Begin PBXVariantGroup section */
		A61831D91937B7A4000ED3E9 /* InfoPlist.strings */ = {
			isa = PBXVariantGroup;
			children = (
				A61831DA1937B7A4000ED3E9 /* en */,
			);
			name = InfoPlist.strings;
			sourceTree = "<group>";
		};
		A61831E21937B7A4000ED3E9 /* Main.storyboard */ = {
			isa = PBXVariantGroup;
			children = (
				A61831E31937B7A4000ED3E9 /* Base */,
			);
			name = Main.storyboard;
			sourceTree = "<group>";
		};
		A61831F81937B7A4000ED3E9 /* InfoPlist.strings */ = {
			isa = PBXVariantGroup;
			children = (
				A61831F91937B7A4000ED3E9 /* en */,
			);
			name = InfoPlist.strings;
			sourceTree = "<group>";
		};
/* End PBXVariantGroup section */

/* Begin XCBuildConfiguration section */
		A61831FD1937B7A4000ED3E9 /* Debug */ = {
			isa = XCBuildConfiguration;
			buildSettings = {
				ALWAYS_SEARCH_USER_PATHS = NO;
				CLANG_CXX_LANGUAGE_STANDARD = "gnu++0x";
				CLANG_CXX_LIBRARY = "libc++";
				CLANG_ENABLE_MODULES = YES;
				CLANG_ENABLE_OBJC_ARC = YES;
				CLANG_WARN_BOOL_CONVERSION = YES;
				CLANG_WARN_CONSTANT_CONVERSION = YES;
				CLANG_WARN_DIRECT_OBJC_ISA_USAGE = YES_ERROR;
				CLANG_WARN_EMPTY_BODY = YES;
				CLANG_WARN_ENUM_CONVERSION = YES;
				CLANG_WARN_INT_CONVERSION = YES;
				CLANG_WARN_OBJC_ROOT_CLASS = YES_ERROR;
				CLANG_WARN__DUPLICATE_METHOD_MATCH = YES;
				"CODE_SIGN_IDENTITY[sdk=iphoneos*]" = "iPhone Developer";
				COPY_PHASE_STRIP = NO;
				GCC_C_LANGUAGE_STANDARD = gnu99;
				GCC_DYNAMIC_NO_PIC = NO;
				GCC_OPTIMIZATION_LEVEL = 0;
				GCC_PREPROCESSOR_DEFINITIONS = (
					"DEBUG=1",
					"$(inherited)",
				);
				GCC_SYMBOLS_PRIVATE_EXTERN = NO;
				GCC_WARN_64_TO_32_BIT_CONVERSION = YES;
				GCC_WARN_ABOUT_RETURN_TYPE = YES_ERROR;
				GCC_WARN_UNDECLARED_SELECTOR = YES;
				GCC_WARN_UNINITIALIZED_AUTOS = YES;
				GCC_WARN_UNUSED_FUNCTION = YES;
				GCC_WARN_UNUSED_VARIABLE = YES;
				IPHONEOS_DEPLOYMENT_TARGET = 7.0;
				ONLY_ACTIVE_ARCH = YES;
				SDKROOT = iphoneos;
			};
			name = Debug;
		};
		A61831FE1937B7A4000ED3E9 /* Release */ = {
			isa = XCBuildConfiguration;
			buildSettings = {
				ALWAYS_SEARCH_USER_PATHS = NO;
				CLANG_CXX_LANGUAGE_STANDARD = "gnu++0x";
				CLANG_CXX_LIBRARY = "libc++";
				CLANG_ENABLE_MODULES = YES;
				CLANG_ENABLE_OBJC_ARC = YES;
				CLANG_WARN_BOOL_CONVERSION = YES;
				CLANG_WARN_CONSTANT_CONVERSION = YES;
				CLANG_WARN_DIRECT_OBJC_ISA_USAGE = YES_ERROR;
				CLANG_WARN_EMPTY_BODY = YES;
				CLANG_WARN_ENUM_CONVERSION = YES;
				CLANG_WARN_INT_CONVERSION = YES;
				CLANG_WARN_OBJC_ROOT_CLASS = YES_ERROR;
				CLANG_WARN__DUPLICATE_METHOD_MATCH = YES;
				"CODE_SIGN_IDENTITY[sdk=iphoneos*]" = "iPhone Developer";
				COPY_PHASE_STRIP = YES;
				ENABLE_NS_ASSERTIONS = NO;
				GCC_C_LANGUAGE_STANDARD = gnu99;
				GCC_WARN_64_TO_32_BIT_CONVERSION = YES;
				GCC_WARN_ABOUT_RETURN_TYPE = YES_ERROR;
				GCC_WARN_UNDECLARED_SELECTOR = YES;
				GCC_WARN_UNINITIALIZED_AUTOS = YES;
				GCC_WARN_UNUSED_FUNCTION = YES;
				GCC_WARN_UNUSED_VARIABLE = YES;
				IPHONEOS_DEPLOYMENT_TARGET = 7.0;
				SDKROOT = iphoneos;
				VALIDATE_PRODUCT = YES;
			};
			name = Release;
		};
		A61832001937B7A4000ED3E9 /* Debug */ = {
			isa = XCBuildConfiguration;
			buildSettings = {
				ASSETCATALOG_COMPILER_APPICON_NAME = AppIcon;
				ASSETCATALOG_COMPILER_LAUNCHIMAGE_NAME = LaunchImage;
				GCC_PRECOMPILE_PREFIX_HEADER = YES;
				GCC_PREFIX_HEADER = "Checklists/Checklists-Prefix.pch";
				INFOPLIST_FILE = "Checklists/Checklists-Info.plist";
				PRODUCT_NAME = "$(TARGET_NAME)";
				WRAPPER_EXTENSION = app;
			};
			name = Debug;
		};
		A61832011937B7A4000ED3E9 /* Release */ = {
			isa = XCBuildConfiguration;
			buildSettings = {
				ASSETCATALOG_COMPILER_APPICON_NAME = AppIcon;
				ASSETCATALOG_COMPILER_LAUNCHIMAGE_NAME = LaunchImage;
				GCC_PRECOMPILE_PREFIX_HEADER = YES;
				GCC_PREFIX_HEADER = "Checklists/Checklists-Prefix.pch";
				INFOPLIST_FILE = "Checklists/Checklists-Info.plist";
				PRODUCT_NAME = "$(TARGET_NAME)";
				WRAPPER_EXTENSION = app;
			};
			name = Release;
		};
		A61832031937B7A4000ED3E9 /* Debug */ = {
			isa = XCBuildConfiguration;
			buildSettings = {
				BUNDLE_LOADER = "$(BUILT_PRODUCTS_DIR)/Checklists.app/Checklists";
				FRAMEWORK_SEARCH_PATHS = (
					"$(SDKROOT)/Developer/Library/Frameworks",
					"$(inherited)",
					"$(DEVELOPER_FRAMEWORKS_DIR)",
				);
				GCC_PRECOMPILE_PREFIX_HEADER = YES;
				GCC_PREFIX_HEADER = "Checklists/Checklists-Prefix.pch";
				GCC_PREPROCESSOR_DEFINITIONS = (
					"DEBUG=1",
					"$(inherited)",
				);
				INFOPLIST_FILE = "ChecklistsTests/ChecklistsTests-Info.plist";
				PRODUCT_NAME = "$(TARGET_NAME)";
				TEST_HOST = "$(BUNDLE_LOADER)";
				WRAPPER_EXTENSION = xctest;
			};
			name = Debug;
		};
		A61832041937B7A4000ED3E9 /* Release */ = {
			isa = XCBuildConfiguration;
			buildSettings = {
				BUNDLE_LOADER = "$(BUILT_PRODUCTS_DIR)/Checklists.app/Checklists";
				FRAMEWORK_SEARCH_PATHS = (
					"$(SDKROOT)/Developer/Library/Frameworks",
					"$(inherited)",
					"$(DEVELOPER_FRAMEWORKS_DIR)",
				);
				GCC_PRECOMPILE_PREFIX_HEADER = YES;
				GCC_PREFIX_HEADER = "Checklists/Checklists-Prefix.pch";
				INFOPLIST_FILE = "ChecklistsTests/ChecklistsTests-Info.plist";
				PRODUCT_NAME = "$(TARGET_NAME)";
				TEST_HOST = "$(BUNDLE_LOADER)";
				WRAPPER_EXTENSION = xctest;
			};
			name = Release;
		};
/* End XCBuildConfiguration section */

/* Begin XCConfigurationList section */
		A61831C81937B7A4000ED3E9 /* Build configuration list for PBXProject "Checklists" */ = {
			isa = XCConfigurationList;
			buildConfigurations = (
				A61831FD1937B7A4000ED3E9 /* Debug */,
				A61831FE1937B7A4000ED3E9 /* Release */,
			);
			defaultConfigurationIsVisible = 0;
			defaultConfigurationName = Release;
		};
		A61831FF1937B7A4000ED3E9 /* Build configuration list for PBXNativeTarget "Checklists" */ = {
			isa = XCConfigurationList;
			buildConfigurations = (
				A61832001937B7A4000ED3E9 /* Debug */,
				A61832011937B7A4000ED3E9 /* Release */,
			);
			defaultConfigurationIsVisible = 0;
			defaultConfigurationName = Release;
		};
		A61832021937B7A4000ED3E9 /* Build configuration list for PBXNativeTarget "ChecklistsTests" */ = {
			isa = XCConfigurationList;
			buildConfigurations = (
				A61832031937B7A4000ED3E9 /* Debug */,
				A61832041937B7A4000ED3E9 /* Release */,
			);
			defaultConfigurationIsVisible = 0;
			defaultConfigurationName = Release;
		};
/* End XCConfigurationList section */
	};
	rootObject = A61831C51937B7A4000ED3E9 /* Project object */;
}
